// !$*UTF8*$!
{
	archiveVersion = 1;
	classes = {
	};
	objectVersion = 56;
	objects = {

/* Begin PBXBuildFile section */
		163A0F9C2925261E00BFF0D2 /* EditorRow.swift in Sources */ = {isa = PBXBuildFile; fileRef = 163A0F9B2925261E00BFF0D2 /* EditorRow.swift */; };
		163A0FA02925582700BFF0D2 /* TagButton.swift in Sources */ = {isa = PBXBuildFile; fileRef = 163A0F9F2925582700BFF0D2 /* TagButton.swift */; };
		16E17A95296E948700278012 /* OptionContainer.swift in Sources */ = {isa = PBXBuildFile; fileRef = 16E17A94296E948700278012 /* OptionContainer.swift */; };
		251EB6F929213128009FB8C4 /* GBZGButton.swift in Sources */ = {isa = PBXBuildFile; fileRef = 251EB6F829213128009FB8C4 /* GBZGButton.swift */; };
		251EB6FD2921FE3C009FB8C4 /* Option.swift in Sources */ = {isa = PBXBuildFile; fileRef = 251EB6FC2921FE3C009FB8C4 /* Option.swift */; };
		25B96F8F2976CF3500987134 /* SearchView.swift in Sources */ = {isa = PBXBuildFile; fileRef = 25B96F8E2976CF3500987134 /* SearchView.swift */; };
		25B96F912976D3B500987134 /* SearchBar.swift in Sources */ = {isa = PBXBuildFile; fileRef = 25B96F902976D3B500987134 /* SearchBar.swift */; };
		25B96F932976F25900987134 /* SearchResultList.swift in Sources */ = {isa = PBXBuildFile; fileRef = 25B96F922976F25900987134 /* SearchResultList.swift */; };
		25B96F952976F27300987134 /* ThemeRow.swift in Sources */ = {isa = PBXBuildFile; fileRef = 25B96F942976F27300987134 /* ThemeRow.swift */; };
		7A8EDE8C296E711A0011E5D1 /* Date+.swift in Sources */ = {isa = PBXBuildFile; fileRef = 7A8EDE8B296E711A0011E5D1 /* Date+.swift */; };
		7AD70D08293E62FF009142FC /* HomeViewModel.swift in Sources */ = {isa = PBXBuildFile; fileRef = 7AD70D07293E62FF009142FC /* HomeViewModel.swift */; };
		7AD70D0A293E6308009142FC /* WriteViewModel.swift in Sources */ = {isa = PBXBuildFile; fileRef = 7AD70D09293E6307009142FC /* WriteViewModel.swift */; };
		7AD70D0C293E6310009142FC /* TemplateViewModel.swift in Sources */ = {isa = PBXBuildFile; fileRef = 7AD70D0B293E6310009142FC /* TemplateViewModel.swift */; };
		7AD990AB291A9C9E00553E2A /* GBZGApp.swift in Sources */ = {isa = PBXBuildFile; fileRef = 7AD990AA291A9C9E00553E2A /* GBZGApp.swift */; };
		7AD990AF291A9CA000553E2A /* Assets.xcassets in Resources */ = {isa = PBXBuildFile; fileRef = 7AD990AE291A9CA000553E2A /* Assets.xcassets */; };
		7AD990B2291A9CA000553E2A /* Preview Assets.xcassets in Resources */ = {isa = PBXBuildFile; fileRef = 7AD990B1291A9CA000553E2A /* Preview Assets.xcassets */; };
		7AD990C6291AA9A100553E2A /* Color+.swift in Sources */ = {isa = PBXBuildFile; fileRef = 7AD990C5291AA9A100553E2A /* Color+.swift */; };
		7ADA261F296DC18200117A12 /* BasicInfoContent.swift in Sources */ = {isa = PBXBuildFile; fileRef = 7ADA261E296DC18200117A12 /* BasicInfoContent.swift */; };
		A04F1316296F08FF0004F3CC /* Font+.swift in Sources */ = {isa = PBXBuildFile; fileRef = A04F1315296F08FF0004F3CC /* Font+.swift */; };
		A09CBA70292295E700D31F5F /* GBZGTabView.swift in Sources */ = {isa = PBXBuildFile; fileRef = A09CBA6F292295E700D31F5F /* GBZGTabView.swift */; };
		A09CBA722922962400D31F5F /* GBZGTabRouter.swift in Sources */ = {isa = PBXBuildFile; fileRef = A09CBA712922962400D31F5F /* GBZGTabRouter.swift */; };
		A09CBA74292296EA00D31F5F /* HomeView.swift in Sources */ = {isa = PBXBuildFile; fileRef = A09CBA73292296EA00D31F5F /* HomeView.swift */; };
		A09CBA76292296F400D31F5F /* WriteView.swift in Sources */ = {isa = PBXBuildFile; fileRef = A09CBA75292296F400D31F5F /* WriteView.swift */; };
		A09CBA78292296FE00D31F5F /* TemplateView.swift in Sources */ = {isa = PBXBuildFile; fileRef = A09CBA77292296FE00D31F5F /* TemplateView.swift */; };
/* End PBXBuildFile section */

/* Begin PBXFileReference section */
		163A0F9B2925261E00BFF0D2 /* EditorRow.swift */ = {isa = PBXFileReference; lastKnownFileType = sourcecode.swift; path = EditorRow.swift; sourceTree = "<group>"; };
		163A0F9F2925582700BFF0D2 /* TagButton.swift */ = {isa = PBXFileReference; lastKnownFileType = sourcecode.swift; path = TagButton.swift; sourceTree = "<group>"; };
		16E17A94296E948700278012 /* OptionContainer.swift */ = {isa = PBXFileReference; lastKnownFileType = sourcecode.swift; path = OptionContainer.swift; sourceTree = "<group>"; };
		251EB6F829213128009FB8C4 /* GBZGButton.swift */ = {isa = PBXFileReference; lastKnownFileType = sourcecode.swift; path = GBZGButton.swift; sourceTree = "<group>"; };
		251EB6FC2921FE3C009FB8C4 /* Option.swift */ = {isa = PBXFileReference; lastKnownFileType = sourcecode.swift; path = Option.swift; sourceTree = "<group>"; };
		25B96F8E2976CF3500987134 /* SearchView.swift */ = {isa = PBXFileReference; lastKnownFileType = sourcecode.swift; path = SearchView.swift; sourceTree = "<group>"; };
		25B96F902976D3B500987134 /* SearchBar.swift */ = {isa = PBXFileReference; lastKnownFileType = sourcecode.swift; path = SearchBar.swift; sourceTree = "<group>"; };
		25B96F922976F25900987134 /* SearchResultList.swift */ = {isa = PBXFileReference; lastKnownFileType = sourcecode.swift; path = SearchResultList.swift; sourceTree = "<group>"; };
		25B96F942976F27300987134 /* ThemeRow.swift */ = {isa = PBXFileReference; lastKnownFileType = sourcecode.swift; path = ThemeRow.swift; sourceTree = "<group>"; };
		7A8EDE8B296E711A0011E5D1 /* Date+.swift */ = {isa = PBXFileReference; lastKnownFileType = sourcecode.swift; path = "Date+.swift"; sourceTree = "<group>"; };
		7AD70D07293E62FF009142FC /* HomeViewModel.swift */ = {isa = PBXFileReference; lastKnownFileType = sourcecode.swift; path = HomeViewModel.swift; sourceTree = "<group>"; };
		7AD70D09293E6307009142FC /* WriteViewModel.swift */ = {isa = PBXFileReference; lastKnownFileType = sourcecode.swift; path = WriteViewModel.swift; sourceTree = "<group>"; };
		7AD70D0B293E6310009142FC /* TemplateViewModel.swift */ = {isa = PBXFileReference; lastKnownFileType = sourcecode.swift; path = TemplateViewModel.swift; sourceTree = "<group>"; };
		7AD990A7291A9C9E00553E2A /* GBZG.app */ = {isa = PBXFileReference; explicitFileType = wrapper.application; includeInIndex = 0; path = GBZG.app; sourceTree = BUILT_PRODUCTS_DIR; };
		7AD990AA291A9C9E00553E2A /* GBZGApp.swift */ = {isa = PBXFileReference; lastKnownFileType = sourcecode.swift; path = GBZGApp.swift; sourceTree = "<group>"; };
		7AD990AE291A9CA000553E2A /* Assets.xcassets */ = {isa = PBXFileReference; lastKnownFileType = folder.assetcatalog; path = Assets.xcassets; sourceTree = "<group>"; };
		7AD990B1291A9CA000553E2A /* Preview Assets.xcassets */ = {isa = PBXFileReference; lastKnownFileType = folder.assetcatalog; path = "Preview Assets.xcassets"; sourceTree = "<group>"; };
		7AD990C5291AA9A100553E2A /* Color+.swift */ = {isa = PBXFileReference; lastKnownFileType = sourcecode.swift; path = "Color+.swift"; sourceTree = "<group>"; };
		7ADA261E296DC18200117A12 /* BasicInfoContent.swift */ = {isa = PBXFileReference; lastKnownFileType = sourcecode.swift; path = BasicInfoContent.swift; sourceTree = "<group>"; };
		A04F1315296F08FF0004F3CC /* Font+.swift */ = {isa = PBXFileReference; fileEncoding = 4; lastKnownFileType = sourcecode.swift; path = "Font+.swift"; sourceTree = "<group>"; };
		A09CBA6F292295E700D31F5F /* GBZGTabView.swift */ = {isa = PBXFileReference; lastKnownFileType = sourcecode.swift; path = GBZGTabView.swift; sourceTree = "<group>"; };
		A09CBA712922962400D31F5F /* GBZGTabRouter.swift */ = {isa = PBXFileReference; lastKnownFileType = sourcecode.swift; path = GBZGTabRouter.swift; sourceTree = "<group>"; };
		A09CBA73292296EA00D31F5F /* HomeView.swift */ = {isa = PBXFileReference; lastKnownFileType = sourcecode.swift; path = HomeView.swift; sourceTree = "<group>"; };
		A09CBA75292296F400D31F5F /* WriteView.swift */ = {isa = PBXFileReference; lastKnownFileType = sourcecode.swift; path = WriteView.swift; sourceTree = "<group>"; };
		A09CBA77292296FE00D31F5F /* TemplateView.swift */ = {isa = PBXFileReference; lastKnownFileType = sourcecode.swift; path = TemplateView.swift; sourceTree = "<group>"; };
/* End PBXFileReference section */

/* Begin PBXFrameworksBuildPhase section */
		7AD990A4291A9C9E00553E2A /* Frameworks */ = {
			isa = PBXFrameworksBuildPhase;
			buildActionMask = 2147483647;
			files = (
			);
			runOnlyForDeploymentPostprocessing = 0;
		};
/* End PBXFrameworksBuildPhase section */

/* Begin PBXGroup section */
		25B96F8D2976CEFE00987134 /* Search */ = {
			isa = PBXGroup;
			children = (
				25B96F8E2976CF3500987134 /* SearchView.swift */,
				25B96F902976D3B500987134 /* SearchBar.swift */,
				25B96F922976F25900987134 /* SearchResultList.swift */,
				25B96F942976F27300987134 /* ThemeRow.swift */,
			);
			path = Search;
			sourceTree = "<group>";
		};
		7AD70D00293E6290009142FC /* Home */ = {
			isa = PBXGroup;
			children = (
				A09CBA73292296EA00D31F5F /* HomeView.swift */,
			);
			path = Home;
			sourceTree = "<group>";
		};
		7AD70D01293E6295009142FC /* Write */ = {
			isa = PBXGroup;
			children = (
				A09CBA75292296F400D31F5F /* WriteView.swift */,
				16E17A94296E948700278012 /* OptionContainer.swift */,
				7ADA261E296DC18200117A12 /* BasicInfoContent.swift */,
				25B96F8D2976CEFE00987134 /* Search */,
			);
			path = Write;
			sourceTree = "<group>";
		};
		7AD70D02293E629D009142FC /* Template */ = {
			isa = PBXGroup;
			children = (
				A09CBA77292296FE00D31F5F /* TemplateView.swift */,
			);
			path = Template;
			sourceTree = "<group>";
		};
		7AD70D03293E62CB009142FC /* Tab */ = {
			isa = PBXGroup;
			children = (
				A09CBA6F292295E700D31F5F /* GBZGTabView.swift */,
			);
			path = Tab;
			sourceTree = "<group>";
		};
		7AD70D04293E62E3009142FC /* Home */ = {
			isa = PBXGroup;
			children = (
				7AD70D07293E62FF009142FC /* HomeViewModel.swift */,
			);
			path = Home;
			sourceTree = "<group>";
		};
		7AD70D05293E62E9009142FC /* Write */ = {
			isa = PBXGroup;
			children = (
				7AD70D09293E6307009142FC /* WriteViewModel.swift */,
			);
			path = Write;
			sourceTree = "<group>";
		};
		7AD70D06293E62EF009142FC /* Template */ = {
			isa = PBXGroup;
			children = (
				7AD70D0B293E6310009142FC /* TemplateViewModel.swift */,
			);
			path = Template;
			sourceTree = "<group>";
		};
		7AD9909E291A9C9E00553E2A = {
			isa = PBXGroup;
			children = (
				7AD990A9291A9C9E00553E2A /* GBZG */,
				7AD990A8291A9C9E00553E2A /* Products */,
			);
			sourceTree = "<group>";
		};
		7AD990A8291A9C9E00553E2A /* Products */ = {
			isa = PBXGroup;
			children = (
				7AD990A7291A9C9E00553E2A /* GBZG.app */,
			);
			name = Products;
			sourceTree = "<group>";
		};
		7AD990A9291A9C9E00553E2A /* GBZG */ = {
			isa = PBXGroup;
			children = (
				7AD990AE291A9CA000553E2A /* Assets.xcassets */,
				7AD990AA291A9C9E00553E2A /* GBZGApp.swift */,
				7AD990B8291A9CBE00553E2A /* View */,
				7AD990B9291A9CD300553E2A /* ViewModel */,
				7AD990BA291A9CDD00553E2A /* Model */,
				7AD990BB291A9CE500553E2A /* Extension */,
				7AD990B0291A9CA000553E2A /* Preview Content */,
			);
			path = GBZG;
			sourceTree = "<group>";
		};
		7AD990B0291A9CA000553E2A /* Preview Content */ = {
			isa = PBXGroup;
			children = (
				7AD990B1291A9CA000553E2A /* Preview Assets.xcassets */,
			);
			path = "Preview Content";
			sourceTree = "<group>";
		};
		7AD990B8291A9CBE00553E2A /* View */ = {
			isa = PBXGroup;
			children = (
				7AD70D03293E62CB009142FC /* Tab */,
				7AD70D00293E6290009142FC /* Home */,
				7AD70D01293E6295009142FC /* Write */,
				7AD70D02293E629D009142FC /* Template */,
				7AD990BC291AA37500553E2A /* Component */,
			);
			path = View;
			sourceTree = "<group>";
		};
		7AD990B9291A9CD300553E2A /* ViewModel */ = {
			isa = PBXGroup;
			children = (
				7AD70D04293E62E3009142FC /* Home */,
				7AD70D05293E62E9009142FC /* Write */,
				7AD70D06293E62EF009142FC /* Template */,
			);
			path = ViewModel;
			sourceTree = "<group>";
		};
		7AD990BA291A9CDD00553E2A /* Model */ = {
			isa = PBXGroup;
			children = (
				A09CBA712922962400D31F5F /* GBZGTabRouter.swift */,
			);
			path = Model;
			sourceTree = "<group>";
		};
		7AD990BB291A9CE500553E2A /* Extension */ = {
			isa = PBXGroup;
			children = (
				7AD990C5291AA9A100553E2A /* Color+.swift */,
				A04F1315296F08FF0004F3CC /* Font+.swift */,
				7A8EDE8B296E711A0011E5D1 /* Date+.swift */,
			);
			path = Extension;
			sourceTree = "<group>";
		};
		7AD990BC291AA37500553E2A /* Component */ = {
			isa = PBXGroup;
			children = (
				163A0F9B2925261E00BFF0D2 /* EditorRow.swift */,
				163A0F9F2925582700BFF0D2 /* TagButton.swift */,
				251EB6F829213128009FB8C4 /* GBZGButton.swift */,
				251EB6FC2921FE3C009FB8C4 /* Option.swift */,
			);
			path = Component;
			sourceTree = "<group>";
		};
/* End PBXGroup section */

/* Begin PBXNativeTarget section */
		7AD990A6291A9C9E00553E2A /* GBZG */ = {
			isa = PBXNativeTarget;
			buildConfigurationList = 7AD990B5291A9CA000553E2A /* Build configuration list for PBXNativeTarget "GBZG" */;
			buildPhases = (
				7AD990A3291A9C9E00553E2A /* Sources */,
				7AD990A4291A9C9E00553E2A /* Frameworks */,
				7AD990A5291A9C9E00553E2A /* Resources */,
			);
			buildRules = (
			);
			dependencies = (
			);
			name = GBZG;
			productName = GBZG;
			productReference = 7AD990A7291A9C9E00553E2A /* GBZG.app */;
			productType = "com.apple.product-type.application";
		};
/* End PBXNativeTarget section */

/* Begin PBXProject section */
		7AD9909F291A9C9E00553E2A /* Project object */ = {
			isa = PBXProject;
			attributes = {
				BuildIndependentTargetsInParallel = 1;
				LastSwiftUpdateCheck = 1400;
				LastUpgradeCheck = 1400;
				TargetAttributes = {
					7AD990A6291A9C9E00553E2A = {
						CreatedOnToolsVersion = 14.0.1;
					};
				};
			};
			buildConfigurationList = 7AD990A2291A9C9E00553E2A /* Build configuration list for PBXProject "GBZG" */;
			compatibilityVersion = "Xcode 14.0";
			developmentRegion = en;
			hasScannedForEncodings = 0;
			knownRegions = (
				en,
				Base,
			);
			mainGroup = 7AD9909E291A9C9E00553E2A;
			productRefGroup = 7AD990A8291A9C9E00553E2A /* Products */;
			projectDirPath = "";
			projectRoot = "";
			targets = (
				7AD990A6291A9C9E00553E2A /* GBZG */,
			);
		};
/* End PBXProject section */

/* Begin PBXResourcesBuildPhase section */
		7AD990A5291A9C9E00553E2A /* Resources */ = {
			isa = PBXResourcesBuildPhase;
			buildActionMask = 2147483647;
			files = (
				7AD990B2291A9CA000553E2A /* Preview Assets.xcassets in Resources */,
				7AD990AF291A9CA000553E2A /* Assets.xcassets in Resources */,
			);
			runOnlyForDeploymentPostprocessing = 0;
		};
/* End PBXResourcesBuildPhase section */

/* Begin PBXSourcesBuildPhase section */
		7AD990A3291A9C9E00553E2A /* Sources */ = {
			isa = PBXSourcesBuildPhase;
			buildActionMask = 2147483647;
			files = (
				251EB6FD2921FE3C009FB8C4 /* Option.swift in Sources */,
				251EB6F929213128009FB8C4 /* GBZGButton.swift in Sources */,
				A09CBA74292296EA00D31F5F /* HomeView.swift in Sources */,
				25B96F952976F27300987134 /* ThemeRow.swift in Sources */,
				163A0FA02925582700BFF0D2 /* TagButton.swift in Sources */,
				25B96F932976F25900987134 /* SearchResultList.swift in Sources */,
				7AD70D0A293E6308009142FC /* WriteViewModel.swift in Sources */,
				163A0F9C2925261E00BFF0D2 /* EditorRow.swift in Sources */,
				A04F1316296F08FF0004F3CC /* Font+.swift in Sources */,
				7AD990C6291AA9A100553E2A /* Color+.swift in Sources */,
				A09CBA76292296F400D31F5F /* WriteView.swift in Sources */,
				A09CBA722922962400D31F5F /* GBZGTabRouter.swift in Sources */,
				7AD70D08293E62FF009142FC /* HomeViewModel.swift in Sources */,
				25B96F8F2976CF3500987134 /* SearchView.swift in Sources */,
				7AD70D0C293E6310009142FC /* TemplateViewModel.swift in Sources */,
				A09CBA70292295E700D31F5F /* GBZGTabView.swift in Sources */,
				16E17A95296E948700278012 /* OptionContainer.swift in Sources */,
				A09CBA78292296FE00D31F5F /* TemplateView.swift in Sources */,
				25B96F912976D3B500987134 /* SearchBar.swift in Sources */,
				7AD990AB291A9C9E00553E2A /* GBZGApp.swift in Sources */,
				7ADA261F296DC18200117A12 /* BasicInfoContent.swift in Sources */,
				7A8EDE8C296E711A0011E5D1 /* Date+.swift in Sources */,
			);
			runOnlyForDeploymentPostprocessing = 0;
		};
/* End PBXSourcesBuildPhase section */

/* Begin XCBuildConfiguration section */
		7AD990B3291A9CA000553E2A /* Debug */ = {
			isa = XCBuildConfiguration;
			buildSettings = {
				ALWAYS_SEARCH_USER_PATHS = NO;
				CLANG_ANALYZER_NONNULL = YES;
				CLANG_ANALYZER_NUMBER_OBJECT_CONVERSION = YES_AGGRESSIVE;
				CLANG_CXX_LANGUAGE_STANDARD = "gnu++20";
				CLANG_ENABLE_MODULES = YES;
				CLANG_ENABLE_OBJC_ARC = YES;
				CLANG_ENABLE_OBJC_WEAK = YES;
				CLANG_WARN_BLOCK_CAPTURE_AUTORELEASING = YES;
				CLANG_WARN_BOOL_CONVERSION = YES;
				CLANG_WARN_COMMA = YES;
				CLANG_WARN_CONSTANT_CONVERSION = YES;
				CLANG_WARN_DEPRECATED_OBJC_IMPLEMENTATIONS = YES;
				CLANG_WARN_DIRECT_OBJC_ISA_USAGE = YES_ERROR;
				CLANG_WARN_DOCUMENTATION_COMMENTS = YES;
				CLANG_WARN_EMPTY_BODY = YES;
				CLANG_WARN_ENUM_CONVERSION = YES;
				CLANG_WARN_INFINITE_RECURSION = YES;
				CLANG_WARN_INT_CONVERSION = YES;
				CLANG_WARN_NON_LITERAL_NULL_CONVERSION = YES;
				CLANG_WARN_OBJC_IMPLICIT_RETAIN_SELF = YES;
				CLANG_WARN_OBJC_LITERAL_CONVERSION = YES;
				CLANG_WARN_OBJC_ROOT_CLASS = YES_ERROR;
				CLANG_WARN_QUOTED_INCLUDE_IN_FRAMEWORK_HEADER = YES;
				CLANG_WARN_RANGE_LOOP_ANALYSIS = YES;
				CLANG_WARN_STRICT_PROTOTYPES = YES;
				CLANG_WARN_SUSPICIOUS_MOVE = YES;
				CLANG_WARN_UNGUARDED_AVAILABILITY = YES_AGGRESSIVE;
				CLANG_WARN_UNREACHABLE_CODE = YES;
				CLANG_WARN__DUPLICATE_METHOD_MATCH = YES;
				COPY_PHASE_STRIP = NO;
				DEBUG_INFORMATION_FORMAT = dwarf;
				ENABLE_STRICT_OBJC_MSGSEND = YES;
				ENABLE_TESTABILITY = YES;
				GCC_C_LANGUAGE_STANDARD = gnu11;
				GCC_DYNAMIC_NO_PIC = NO;
				GCC_NO_COMMON_BLOCKS = YES;
				GCC_OPTIMIZATION_LEVEL = 0;
				GCC_PREPROCESSOR_DEFINITIONS = (
					"DEBUG=1",
					"$(inherited)",
				);
				GCC_WARN_64_TO_32_BIT_CONVERSION = YES;
				GCC_WARN_ABOUT_RETURN_TYPE = YES_ERROR;
				GCC_WARN_UNDECLARED_SELECTOR = YES;
				GCC_WARN_UNINITIALIZED_AUTOS = YES_AGGRESSIVE;
				GCC_WARN_UNUSED_FUNCTION = YES;
				GCC_WARN_UNUSED_VARIABLE = YES;
				IPHONEOS_DEPLOYMENT_TARGET = 16.0;
				MTL_ENABLE_DEBUG_INFO = INCLUDE_SOURCE;
				MTL_FAST_MATH = YES;
				ONLY_ACTIVE_ARCH = YES;
				SDKROOT = iphoneos;
				SWIFT_ACTIVE_COMPILATION_CONDITIONS = DEBUG;
				SWIFT_OPTIMIZATION_LEVEL = "-Onone";
			};
			name = Debug;
		};
		7AD990B4291A9CA000553E2A /* Release */ = {
			isa = XCBuildConfiguration;
			buildSettings = {
				ALWAYS_SEARCH_USER_PATHS = NO;
				CLANG_ANALYZER_NONNULL = YES;
				CLANG_ANALYZER_NUMBER_OBJECT_CONVERSION = YES_AGGRESSIVE;
				CLANG_CXX_LANGUAGE_STANDARD = "gnu++20";
				CLANG_ENABLE_MODULES = YES;
				CLANG_ENABLE_OBJC_ARC = YES;
				CLANG_ENABLE_OBJC_WEAK = YES;
				CLANG_WARN_BLOCK_CAPTURE_AUTORELEASING = YES;
				CLANG_WARN_BOOL_CONVERSION = YES;
				CLANG_WARN_COMMA = YES;
				CLANG_WARN_CONSTANT_CONVERSION = YES;
				CLANG_WARN_DEPRECATED_OBJC_IMPLEMENTATIONS = YES;
				CLANG_WARN_DIRECT_OBJC_ISA_USAGE = YES_ERROR;
				CLANG_WARN_DOCUMENTATION_COMMENTS = YES;
				CLANG_WARN_EMPTY_BODY = YES;
				CLANG_WARN_ENUM_CONVERSION = YES;
				CLANG_WARN_INFINITE_RECURSION = YES;
				CLANG_WARN_INT_CONVERSION = YES;
				CLANG_WARN_NON_LITERAL_NULL_CONVERSION = YES;
				CLANG_WARN_OBJC_IMPLICIT_RETAIN_SELF = YES;
				CLANG_WARN_OBJC_LITERAL_CONVERSION = YES;
				CLANG_WARN_OBJC_ROOT_CLASS = YES_ERROR;
				CLANG_WARN_QUOTED_INCLUDE_IN_FRAMEWORK_HEADER = YES;
				CLANG_WARN_RANGE_LOOP_ANALYSIS = YES;
				CLANG_WARN_STRICT_PROTOTYPES = YES;
				CLANG_WARN_SUSPICIOUS_MOVE = YES;
				CLANG_WARN_UNGUARDED_AVAILABILITY = YES_AGGRESSIVE;
				CLANG_WARN_UNREACHABLE_CODE = YES;
				CLANG_WARN__DUPLICATE_METHOD_MATCH = YES;
				COPY_PHASE_STRIP = NO;
				DEBUG_INFORMATION_FORMAT = "dwarf-with-dsym";
				ENABLE_NS_ASSERTIONS = NO;
				ENABLE_STRICT_OBJC_MSGSEND = YES;
				GCC_C_LANGUAGE_STANDARD = gnu11;
				GCC_NO_COMMON_BLOCKS = YES;
				GCC_WARN_64_TO_32_BIT_CONVERSION = YES;
				GCC_WARN_ABOUT_RETURN_TYPE = YES_ERROR;
				GCC_WARN_UNDECLARED_SELECTOR = YES;
				GCC_WARN_UNINITIALIZED_AUTOS = YES_AGGRESSIVE;
				GCC_WARN_UNUSED_FUNCTION = YES;
				GCC_WARN_UNUSED_VARIABLE = YES;
				IPHONEOS_DEPLOYMENT_TARGET = 16.0;
				MTL_ENABLE_DEBUG_INFO = NO;
				MTL_FAST_MATH = YES;
				SDKROOT = iphoneos;
				SWIFT_COMPILATION_MODE = wholemodule;
				SWIFT_OPTIMIZATION_LEVEL = "-O";
				VALIDATE_PRODUCT = YES;
			};
			name = Release;
		};
		7AD990B6291A9CA000553E2A /* Debug */ = {
			isa = XCBuildConfiguration;
			buildSettings = {
				ASSETCATALOG_COMPILER_APPICON_NAME = AppIcon;
				ASSETCATALOG_COMPILER_GLOBAL_ACCENT_COLOR_NAME = AccentColor;
				CODE_SIGN_STYLE = Automatic;
				CURRENT_PROJECT_VERSION = 1;
				DEVELOPMENT_ASSET_PATHS = "\"GBZG/Preview Content\"";
				DEVELOPMENT_TEAM = DL9N9GFVMW;
				ENABLE_PREVIEWS = YES;
				GENERATE_INFOPLIST_FILE = YES;
				INFOPLIST_KEY_CFBundleDisplayName = "가보자고";
				INFOPLIST_KEY_UIApplicationSceneManifest_Generation = YES;
				INFOPLIST_KEY_UIApplicationSupportsIndirectInputEvents = YES;
				INFOPLIST_KEY_UILaunchScreen_Generation = YES;
				INFOPLIST_KEY_UIStatusBarStyle = "";
				INFOPLIST_KEY_UISupportedInterfaceOrientations = UIInterfaceOrientationPortrait;
				IPHONEOS_DEPLOYMENT_TARGET = 15.0;
				LD_RUNPATH_SEARCH_PATHS = (
					"$(inherited)",
					"@executable_path/Frameworks",
				);
				MARKETING_VERSION = 1.0;
				PRODUCT_BUNDLE_IDENTIFIER = com.later.GBZG;
				PRODUCT_NAME = "$(TARGET_NAME)";
				SUPPORTED_PLATFORMS = "iphoneos iphonesimulator";
				SUPPORTS_MACCATALYST = NO;
				SUPPORTS_MAC_DESIGNED_FOR_IPHONE_IPAD = NO;
				SWIFT_EMIT_LOC_STRINGS = YES;
				SWIFT_VERSION = 5.0;
				TARGETED_DEVICE_FAMILY = 1;
			};
			name = Debug;
		};
		7AD990B7291A9CA000553E2A /* Release */ = {
			isa = XCBuildConfiguration;
			buildSettings = {
				ASSETCATALOG_COMPILER_APPICON_NAME = AppIcon;
				ASSETCATALOG_COMPILER_GLOBAL_ACCENT_COLOR_NAME = AccentColor;
				CODE_SIGN_STYLE = Automatic;
				CURRENT_PROJECT_VERSION = 1;
				DEVELOPMENT_ASSET_PATHS = "\"GBZG/Preview Content\"";
				DEVELOPMENT_TEAM = DL9N9GFVMW;
				ENABLE_PREVIEWS = YES;
				GENERATE_INFOPLIST_FILE = YES;
				INFOPLIST_KEY_CFBundleDisplayName = "가보자고";
				INFOPLIST_KEY_UIApplicationSceneManifest_Generation = YES;
				INFOPLIST_KEY_UIApplicationSupportsIndirectInputEvents = YES;
				INFOPLIST_KEY_UILaunchScreen_Generation = YES;
				INFOPLIST_KEY_UIStatusBarStyle = "";
				INFOPLIST_KEY_UISupportedInterfaceOrientations = UIInterfaceOrientationPortrait;
				IPHONEOS_DEPLOYMENT_TARGET = 15.0;
				LD_RUNPATH_SEARCH_PATHS = (
					"$(inherited)",
					"@executable_path/Frameworks",
				);
				MARKETING_VERSION = 1.0;
				PRODUCT_BUNDLE_IDENTIFIER = com.later.GBZG;
				PRODUCT_NAME = "$(TARGET_NAME)";
				SUPPORTED_PLATFORMS = "iphoneos iphonesimulator";
				SUPPORTS_MACCATALYST = NO;
				SUPPORTS_MAC_DESIGNED_FOR_IPHONE_IPAD = NO;
				SWIFT_EMIT_LOC_STRINGS = YES;
				SWIFT_VERSION = 5.0;
				TARGETED_DEVICE_FAMILY = 1;
			};
			name = Release;
		};
/* End XCBuildConfiguration section */

/* Begin XCConfigurationList section */
		7AD990A2291A9C9E00553E2A /* Build configuration list for PBXProject "GBZG" */ = {
			isa = XCConfigurationList;
			buildConfigurations = (
				7AD990B3291A9CA000553E2A /* Debug */,
				7AD990B4291A9CA000553E2A /* Release */,
			);
			defaultConfigurationIsVisible = 0;
			defaultConfigurationName = Release;
		};
		7AD990B5291A9CA000553E2A /* Build configuration list for PBXNativeTarget "GBZG" */ = {
			isa = XCConfigurationList;
			buildConfigurations = (
				7AD990B6291A9CA000553E2A /* Debug */,
				7AD990B7291A9CA000553E2A /* Release */,
			);
			defaultConfigurationIsVisible = 0;
			defaultConfigurationName = Release;
		};
/* End XCConfigurationList section */
	};
	rootObject = 7AD9909F291A9C9E00553E2A /* Project object */;
}
